
Microsoft Visual Studio Solution File, Format Version 12.00
# Visual Studio Version 16
VisualStudioVersion = 16.0.32929.386
MinimumVisualStudioVersion = 10.0.40219.1
Project("{FAE04EC0-301F-11D3-BF4B-00C04F79EFBC}") = "KullanıcıGirişEkranı", "KullanıcıGirişEkranı\KullanıcıGirişEkranı.csproj", "{3416559B-561D-4955-8EC1-BF47CED3D33E}"
EndProject
Global
	GlobalSection(SolutionConfigurationPlatforms) = preSolution
		Debug|Any CPU = Debug|Any CPU
		Release|Any CPU = Release|Any CPU
	EndGlobalSection
	GlobalSection(ProjectConfigurationPlatforms) = postSolution
		{3416559B-561D-4955-8EC1-BF47CED3D33E}.Debug|Any CPU.ActiveCfg = Debug|Any CPU
		{3416559B-561D-4955-8EC1-BF47CED3D33E}.Debug|Any CPU.Build.0 = Debug|Any CPU
		{3416559B-561D-4955-8EC1-BF47CED3D33E}.Release|Any CPU.ActiveCfg = Release|Any CPU
		{3416559B-561D-4955-8EC1-BF47CED3D33E}.Release|Any CPU.Build.0 = Release|Any CPU
	EndGlobalSection
	GlobalSection(SolutionProperties) = preSolution
		HideSolutionNode = FALSE
	EndGlobalSection
	GlobalSection(ExtensibilityGlobals) = postSolution
		SolutionGuid = {C4ABB127-39F2-4BA9-BBFB-48834365AE55}
	EndGlobalSection
EndGlobal
